github.com/hugo-sid/hugo-blog-awesome v1.12.0 h1:tJruVX0hYbaYfhwfnucXWZCB+N2B0eblsOV6Djt2h9k=
github.com/hugo-sid/hugo-blog-awesome v1.12.0/go.mod h1:oRoqH9/bJDdyQqBoxI77O1oWAwVtn+fTng9MD3vR8A0=
github.com/hugo-sid/hugo-blog-awesome v1.16.1 h1:xL5TmlJnIjiv8iDGrpnqerIpKSGoCZ+ag33wQNbRYmM=
github.com/hugo-sid/hugo-blog-awesome v1.16.1/go.mod h1:3XVERF66wgQpTsruOajS5Swr+uvyTzov1acafNaqm1E=
